// !$*UTF8*$!
{
	archiveVersion = 1;
	classes = {
	};
	objectVersion = 56;
	objects = {

/* Begin PBXBuildFile section */
		4AA94A9428D623DC00AC838B /* RFNApp.swift in Sources */ = {isa = PBXBuildFile; fileRef = 4AA94A9328D623DC00AC838B /* RFNApp.swift */; };
		4AA94A9628D623DC00AC838B /* ContentView.swift in Sources */ = {isa = PBXBuildFile; fileRef = 4AA94A9528D623DC00AC838B /* ContentView.swift */; };
		4AA94A9828D623DE00AC838B /* Assets.xcassets in Resources */ = {isa = PBXBuildFile; fileRef = 4AA94A9728D623DE00AC838B /* Assets.xcassets */; };
		4AA94A9B28D623DE00AC838B /* Preview Assets.xcassets in Resources */ = {isa = PBXBuildFile; fileRef = 4AA94A9A28D623DE00AC838B /* Preview Assets.xcassets */; };
		4AA94AA528D623DE00AC838B /* RFNTests.swift in Sources */ = {isa = PBXBuildFile; fileRef = 4AA94AA428D623DE00AC838B /* RFNTests.swift */; };
		4AA94AAF28D623DE00AC838B /* RFNUITests.swift in Sources */ = {isa = PBXBuildFile; fileRef = 4AA94AAE28D623DE00AC838B /* RFNUITests.swift */; };
		4AA94AB128D623DE00AC838B /* RFNUITestsLaunchTests.swift in Sources */ = {isa = PBXBuildFile; fileRef = 4AA94AB028D623DE00AC838B /* RFNUITestsLaunchTests.swift */; };
		4AA94AC428D6250B00AC838B /* WorkoutListScreen.swift in Sources */ = {isa = PBXBuildFile; fileRef = 4AA94AC328D6250B00AC838B /* WorkoutListScreen.swift */; };
		4AA94AC728D625FC00AC838B /* WorkoutCoreDataModel.xcdatamodeld in Sources */ = {isa = PBXBuildFile; fileRef = 4AA94AC528D625FC00AC838B /* WorkoutCoreDataModel.xcdatamodeld */; };
		4AA94AC928D627DF00AC838B /* HapticsManager.swift in Sources */ = {isa = PBXBuildFile; fileRef = 4AA94AC828D627DF00AC838B /* HapticsManager.swift */; };
		4AA94ACB28D6287400AC838B /* CoreDataManager.swift in Sources */ = {isa = PBXBuildFile; fileRef = 4AA94ACA28D6287400AC838B /* CoreDataManager.swift */; };
		4AA94ACF28D62B6E00AC838B /* FormattedDate.swift in Sources */ = {isa = PBXBuildFile; fileRef = 4AA94ACE28D62B6E00AC838B /* FormattedDate.swift */; };
		4AA94AD128D62C3900AC838B /* BaseModel.swift in Sources */ = {isa = PBXBuildFile; fileRef = 4AA94AD028D62C3900AC838B /* BaseModel.swift */; };
		4AA94AD328D62C8400AC838B /* WorkoutExtensions.swift in Sources */ = {isa = PBXBuildFile; fileRef = 4AA94AD228D62C8400AC838B /* WorkoutExtensions.swift */; };
		4AA94AD728D62DA400AC838B /* HistoryExtensions.swift in Sources */ = {isa = PBXBuildFile; fileRef = 4AA94AD628D62DA400AC838B /* HistoryExtensions.swift */; };
		4AA94AD928D62E7A00AC838B /* ViewExtension.swift in Sources */ = {isa = PBXBuildFile; fileRef = 4AA94AD828D62E7A00AC838B /* ViewExtension.swift */; };
		4AA94AEF28D6367300AC838B /* ExerciseListViewModel.swift in Sources */ = {isa = PBXBuildFile; fileRef = 4AA94AEE28D6367300AC838B /* ExerciseListViewModel.swift */; };
		4AA94AF128D6391E00AC838B /* HistoryListViewModel.swift in Sources */ = {isa = PBXBuildFile; fileRef = 4AA94AF028D6391E00AC838B /* HistoryListViewModel.swift */; };
		4AA94AF328D63AD700AC838B /* AddHistoryViewModel.swift in Sources */ = {isa = PBXBuildFile; fileRef = 4AA94AF228D63AD700AC838B /* AddHistoryViewModel.swift */; };
		4AA94AF528D63B7D00AC838B /* WorkoutListViewModel.swift in Sources */ = {isa = PBXBuildFile; fileRef = 4AA94AF428D63B7D00AC838B /* WorkoutListViewModel.swift */; };
		4AA94AF728D63D1200AC838B /* AddWorkoutViewModel.swift in Sources */ = {isa = PBXBuildFile; fileRef = 4AA94AF628D63D1200AC838B /* AddWorkoutViewModel.swift */; };
		4AA94AF928D642AB00AC838B /* Exercise+Extension.swift in Sources */ = {isa = PBXBuildFile; fileRef = 4AA94AF828D642AB00AC838B /* Exercise+Extension.swift */; };
		4AB8A2FE28D667010006C893 /* WorkoutCellView.swift in Sources */ = {isa = PBXBuildFile; fileRef = 4AB8A2FD28D667010006C893 /* WorkoutCellView.swift */; };
		4AB8A30028D6671C0006C893 /* WorkoutDetailScreen.swift in Sources */ = {isa = PBXBuildFile; fileRef = 4AB8A2FF28D6671C0006C893 /* WorkoutDetailScreen.swift */; };
		4AB8A30228D668420006C893 /* AddWorkoutScreen.swift in Sources */ = {isa = PBXBuildFile; fileRef = 4AB8A30128D668420006C893 /* AddWorkoutScreen.swift */; };
/* End PBXBuildFile section */

/* Begin PBXContainerItemProxy section */
		4AA94AA128D623DE00AC838B /* PBXContainerItemProxy */ = {
			isa = PBXContainerItemProxy;
			containerPortal = 4AA94A8828D623DC00AC838B /* Project object */;
			proxyType = 1;
			remoteGlobalIDString = 4AA94A8F28D623DC00AC838B;
			remoteInfo = RFN;
		};
		4AA94AAB28D623DE00AC838B /* PBXContainerItemProxy */ = {
			isa = PBXContainerItemProxy;
			containerPortal = 4AA94A8828D623DC00AC838B /* Project object */;
			proxyType = 1;
			remoteGlobalIDString = 4AA94A8F28D623DC00AC838B;
			remoteInfo = RFN;
		};
/* End PBXContainerItemProxy section */

/* Begin PBXFileReference section */
		4AA94A9028D623DC00AC838B /* RFN.app */ = {isa = PBXFileReference; explicitFileType = wrapper.application; includeInIndex = 0; path = RFN.app; sourceTree = BUILT_PRODUCTS_DIR; };
		4AA94A9328D623DC00AC838B /* RFNApp.swift */ = {isa = PBXFileReference; lastKnownFileType = sourcecode.swift; path = RFNApp.swift; sourceTree = "<group>"; };
		4AA94A9528D623DC00AC838B /* ContentView.swift */ = {isa = PBXFileReference; lastKnownFileType = sourcecode.swift; path = ContentView.swift; sourceTree = "<group>"; };
		4AA94A9728D623DE00AC838B /* Assets.xcassets */ = {isa = PBXFileReference; lastKnownFileType = folder.assetcatalog; path = Assets.xcassets; sourceTree = "<group>"; };
		4AA94A9A28D623DE00AC838B /* Preview Assets.xcassets */ = {isa = PBXFileReference; lastKnownFileType = folder.assetcatalog; path = "Preview Assets.xcassets"; sourceTree = "<group>"; };
		4AA94AA028D623DE00AC838B /* RFNTests.xctest */ = {isa = PBXFileReference; explicitFileType = wrapper.cfbundle; includeInIndex = 0; path = RFNTests.xctest; sourceTree = BUILT_PRODUCTS_DIR; };
		4AA94AA428D623DE00AC838B /* RFNTests.swift */ = {isa = PBXFileReference; lastKnownFileType = sourcecode.swift; path = RFNTests.swift; sourceTree = "<group>"; };
		4AA94AAA28D623DE00AC838B /* RFNUITests.xctest */ = {isa = PBXFileReference; explicitFileType = wrapper.cfbundle; includeInIndex = 0; path = RFNUITests.xctest; sourceTree = BUILT_PRODUCTS_DIR; };
		4AA94AAE28D623DE00AC838B /* RFNUITests.swift */ = {isa = PBXFileReference; lastKnownFileType = sourcecode.swift; path = RFNUITests.swift; sourceTree = "<group>"; };
		4AA94AB028D623DE00AC838B /* RFNUITestsLaunchTests.swift */ = {isa = PBXFileReference; lastKnownFileType = sourcecode.swift; path = RFNUITestsLaunchTests.swift; sourceTree = "<group>"; };
		4AA94AC328D6250B00AC838B /* WorkoutListScreen.swift */ = {isa = PBXFileReference; lastKnownFileType = sourcecode.swift; path = WorkoutListScreen.swift; sourceTree = "<group>"; };
		4AA94AC628D625FC00AC838B /* WorkoutCoreDataModel.xcdatamodel */ = {isa = PBXFileReference; lastKnownFileType = wrapper.xcdatamodel; path = WorkoutCoreDataModel.xcdatamodel; sourceTree = "<group>"; };
		4AA94AC828D627DF00AC838B /* HapticsManager.swift */ = {isa = PBXFileReference; lastKnownFileType = sourcecode.swift; path = HapticsManager.swift; sourceTree = "<group>"; };
		4AA94ACA28D6287400AC838B /* CoreDataManager.swift */ = {isa = PBXFileReference; lastKnownFileType = sourcecode.swift; path = CoreDataManager.swift; sourceTree = "<group>"; };
		4AA94ACE28D62B6E00AC838B /* FormattedDate.swift */ = {isa = PBXFileReference; lastKnownFileType = sourcecode.swift; path = FormattedDate.swift; sourceTree = "<group>"; };
		4AA94AD028D62C3900AC838B /* BaseModel.swift */ = {isa = PBXFileReference; lastKnownFileType = sourcecode.swift; path = BaseModel.swift; sourceTree = "<group>"; };
		4AA94AD228D62C8400AC838B /* WorkoutExtensions.swift */ = {isa = PBXFileReference; lastKnownFileType = sourcecode.swift; path = WorkoutExtensions.swift; sourceTree = "<group>"; };
		4AA94AD628D62DA400AC838B /* HistoryExtensions.swift */ = {isa = PBXFileReference; lastKnownFileType = sourcecode.swift; path = HistoryExtensions.swift; sourceTree = "<group>"; };
		4AA94AD828D62E7A00AC838B /* ViewExtension.swift */ = {isa = PBXFileReference; lastKnownFileType = sourcecode.swift; path = ViewExtension.swift; sourceTree = "<group>"; };
		4AA94AEE28D6367300AC838B /* ExerciseListViewModel.swift */ = {isa = PBXFileReference; lastKnownFileType = sourcecode.swift; path = ExerciseListViewModel.swift; sourceTree = "<group>"; };
		4AA94AF028D6391E00AC838B /* HistoryListViewModel.swift */ = {isa = PBXFileReference; lastKnownFileType = sourcecode.swift; path = HistoryListViewModel.swift; sourceTree = "<group>"; };
		4AA94AF228D63AD700AC838B /* AddHistoryViewModel.swift */ = {isa = PBXFileReference; lastKnownFileType = sourcecode.swift; path = AddHistoryViewModel.swift; sourceTree = "<group>"; };
		4AA94AF428D63B7D00AC838B /* WorkoutListViewModel.swift */ = {isa = PBXFileReference; lastKnownFileType = sourcecode.swift; path = WorkoutListViewModel.swift; sourceTree = "<group>"; };
		4AA94AF628D63D1200AC838B /* AddWorkoutViewModel.swift */ = {isa = PBXFileReference; lastKnownFileType = sourcecode.swift; path = AddWorkoutViewModel.swift; sourceTree = "<group>"; };
		4AA94AF828D642AB00AC838B /* Exercise+Extension.swift */ = {isa = PBXFileReference; lastKnownFileType = sourcecode.swift; path = "Exercise+Extension.swift"; sourceTree = "<group>"; };
		4AB8A2FD28D667010006C893 /* WorkoutCellView.swift */ = {isa = PBXFileReference; lastKnownFileType = sourcecode.swift; path = WorkoutCellView.swift; sourceTree = "<group>"; };
		4AB8A2FF28D6671C0006C893 /* WorkoutDetailScreen.swift */ = {isa = PBXFileReference; lastKnownFileType = sourcecode.swift; path = WorkoutDetailScreen.swift; sourceTree = "<group>"; };
		4AB8A30128D668420006C893 /* AddWorkoutScreen.swift */ = {isa = PBXFileReference; lastKnownFileType = sourcecode.swift; path = AddWorkoutScreen.swift; sourceTree = "<group>"; };
/* End PBXFileReference section */

/* Begin PBXFrameworksBuildPhase section */
		4AA94A8D28D623DC00AC838B /* Frameworks */ = {
			isa = PBXFrameworksBuildPhase;
			buildActionMask = 2147483647;
			files = (
			);
			runOnlyForDeploymentPostprocessing = 0;
		};
		4AA94A9D28D623DE00AC838B /* Frameworks */ = {
			isa = PBXFrameworksBuildPhase;
			buildActionMask = 2147483647;
			files = (
			);
			runOnlyForDeploymentPostprocessing = 0;
		};
		4AA94AA728D623DE00AC838B /* Frameworks */ = {
			isa = PBXFrameworksBuildPhase;
			buildActionMask = 2147483647;
			files = (
			);
			runOnlyForDeploymentPostprocessing = 0;
		};
/* End PBXFrameworksBuildPhase section */

/* Begin PBXGroup section */
		4AA94A8728D623DC00AC838B = {
			isa = PBXGroup;
			children = (
				4AA94A9228D623DC00AC838B /* RFN */,
				4AA94AA328D623DE00AC838B /* RFNTests */,
				4AA94AAD28D623DE00AC838B /* RFNUITests */,
				4AA94A9128D623DC00AC838B /* Products */,
			);
			sourceTree = "<group>";
		};
		4AA94A9128D623DC00AC838B /* Products */ = {
			isa = PBXGroup;
			children = (
				4AA94A9028D623DC00AC838B /* RFN.app */,
				4AA94AA028D623DE00AC838B /* RFNTests.xctest */,
				4AA94AAA28D623DE00AC838B /* RFNUITests.xctest */,
			);
			name = Products;
			sourceTree = "<group>";
		};
		4AA94A9228D623DC00AC838B /* RFN */ = {
			isa = PBXGroup;
			children = (
				4AA94AC228D6244A00AC838B /* Models */,
				4AA94AC128D6243F00AC838B /* Views */,
				4AA94AC028D6242A00AC838B /* Extensions */,
				4AA94ABE28D6241400AC838B /* ViewModels */,
				4AA94ABD28D6240B00AC838B /* Managers */,
				4AA94A9328D623DC00AC838B /* RFNApp.swift */,
				4AA94A9728D623DE00AC838B /* Assets.xcassets */,
				4AA94A9928D623DE00AC838B /* Preview Content */,
				4AA94AC528D625FC00AC838B /* WorkoutCoreDataModel.xcdatamodeld */,
			);
			path = RFN;
			sourceTree = "<group>";
		};
		4AA94A9928D623DE00AC838B /* Preview Content */ = {
			isa = PBXGroup;
			children = (
				4AA94A9A28D623DE00AC838B /* Preview Assets.xcassets */,
			);
			path = "Preview Content";
			sourceTree = "<group>";
		};
		4AA94AA328D623DE00AC838B /* RFNTests */ = {
			isa = PBXGroup;
			children = (
				4AA94AA428D623DE00AC838B /* RFNTests.swift */,
			);
			path = RFNTests;
			sourceTree = "<group>";
		};
		4AA94AAD28D623DE00AC838B /* RFNUITests */ = {
			isa = PBXGroup;
			children = (
				4AA94AAE28D623DE00AC838B /* RFNUITests.swift */,
				4AA94AB028D623DE00AC838B /* RFNUITestsLaunchTests.swift */,
			);
			path = RFNUITests;
			sourceTree = "<group>";
		};
		4AA94ABD28D6240B00AC838B /* Managers */ = {
			isa = PBXGroup;
			children = (
				4AA94AC828D627DF00AC838B /* HapticsManager.swift */,
				4AA94ACA28D6287400AC838B /* CoreDataManager.swift */,
			);
			path = Managers;
			sourceTree = "<group>";
		};
		4AA94ABE28D6241400AC838B /* ViewModels */ = {
			isa = PBXGroup;
			children = (
				4AA94AEE28D6367300AC838B /* ExerciseListViewModel.swift */,
				4AA94AF028D6391E00AC838B /* HistoryListViewModel.swift */,
				4AA94AF228D63AD700AC838B /* AddHistoryViewModel.swift */,
				4AA94AF428D63B7D00AC838B /* WorkoutListViewModel.swift */,
				4AA94AF628D63D1200AC838B /* AddWorkoutViewModel.swift */,
			);
			path = ViewModels;
			sourceTree = "<group>";
		};
		4AA94ABF28D6242000AC838B /* Screens */ = {
			isa = PBXGroup;
			children = (
				4AA94AC328D6250B00AC838B /* WorkoutListScreen.swift */,
				4AB8A2FF28D6671C0006C893 /* WorkoutDetailScreen.swift */,
				4AB8A30128D668420006C893 /* AddWorkoutScreen.swift */,
			);
			path = Screens;
			sourceTree = "<group>";
		};
		4AA94AC028D6242A00AC838B /* Extensions */ = {
			isa = PBXGroup;
			children = (
				4AA94ACE28D62B6E00AC838B /* FormattedDate.swift */,
				4AA94AD828D62E7A00AC838B /* ViewExtension.swift */,
			);
			path = Extensions;
			sourceTree = "<group>";
		};
		4AA94AC128D6243F00AC838B /* Views */ = {
			isa = PBXGroup;
			children = (
				4AA94A9528D623DC00AC838B /* ContentView.swift */,
				4AA94ABF28D6242000AC838B /* Screens */,
				4AB8A2FD28D667010006C893 /* WorkoutCellView.swift */,
			);
			path = Views;
			sourceTree = "<group>";
		};
		4AA94AC228D6244A00AC838B /* Models */ = {
			isa = PBXGroup;
			children = (
				4AA94AD028D62C3900AC838B /* BaseModel.swift */,
				4AA94AD228D62C8400AC838B /* WorkoutExtensions.swift */,
				4AA94AD628D62DA400AC838B /* HistoryExtensions.swift */,
				4AA94AF828D642AB00AC838B /* Exercise+Extension.swift */,
			);
			path = Models;
			sourceTree = "<group>";
		};
/* End PBXGroup section */

/* Begin PBXNativeTarget section */
		4AA94A8F28D623DC00AC838B /* RFN */ = {
			isa = PBXNativeTarget;
			buildConfigurationList = 4AA94AB428D623DE00AC838B /* Build configuration list for PBXNativeTarget "RFN" */;
			buildPhases = (
				4AA94A8C28D623DC00AC838B /* Sources */,
				4AA94A8D28D623DC00AC838B /* Frameworks */,
				4AA94A8E28D623DC00AC838B /* Resources */,
			);
			buildRules = (
			);
			dependencies = (
			);
			name = RFN;
			productName = RFN;
			productReference = 4AA94A9028D623DC00AC838B /* RFN.app */;
			productType = "com.apple.product-type.application";
		};
		4AA94A9F28D623DE00AC838B /* RFNTests */ = {
			isa = PBXNativeTarget;
			buildConfigurationList = 4AA94AB728D623DE00AC838B /* Build configuration list for PBXNativeTarget "RFNTests" */;
			buildPhases = (
				4AA94A9C28D623DE00AC838B /* Sources */,
				4AA94A9D28D623DE00AC838B /* Frameworks */,
				4AA94A9E28D623DE00AC838B /* Resources */,
			);
			buildRules = (
			);
			dependencies = (
				4AA94AA228D623DE00AC838B /* PBXTargetDependency */,
			);
			name = RFNTests;
			productName = RFNTests;
			productReference = 4AA94AA028D623DE00AC838B /* RFNTests.xctest */;
			productType = "com.apple.product-type.bundle.unit-test";
		};
		4AA94AA928D623DE00AC838B /* RFNUITests */ = {
			isa = PBXNativeTarget;
			buildConfigurationList = 4AA94ABA28D623DE00AC838B /* Build configuration list for PBXNativeTarget "RFNUITests" */;
			buildPhases = (
				4AA94AA628D623DE00AC838B /* Sources */,
				4AA94AA728D623DE00AC838B /* Frameworks */,
				4AA94AA828D623DE00AC838B /* Resources */,
			);
			buildRules = (
			);
			dependencies = (
				4AA94AAC28D623DE00AC838B /* PBXTargetDependency */,
			);
			name = RFNUITests;
			productName = RFNUITests;
			productReference = 4AA94AAA28D623DE00AC838B /* RFNUITests.xctest */;
			productType = "com.apple.product-type.bundle.ui-testing";
		};
/* End PBXNativeTarget section */

/* Begin PBXProject section */
		4AA94A8828D623DC00AC838B /* Project object */ = {
			isa = PBXProject;
			attributes = {
				BuildIndependentTargetsInParallel = 1;
				LastSwiftUpdateCheck = 1400;
				LastUpgradeCheck = 1400;
				TargetAttributes = {
					4AA94A8F28D623DC00AC838B = {
						CreatedOnToolsVersion = 14.0;
					};
					4AA94A9F28D623DE00AC838B = {
						CreatedOnToolsVersion = 14.0;
						TestTargetID = 4AA94A8F28D623DC00AC838B;
					};
					4AA94AA928D623DE00AC838B = {
						CreatedOnToolsVersion = 14.0;
						TestTargetID = 4AA94A8F28D623DC00AC838B;
					};
				};
			};
			buildConfigurationList = 4AA94A8B28D623DC00AC838B /* Build configuration list for PBXProject "RFN" */;
			compatibilityVersion = "Xcode 14.0";
			developmentRegion = en;
			hasScannedForEncodings = 0;
			knownRegions = (
				en,
				Base,
			);
			mainGroup = 4AA94A8728D623DC00AC838B;
			productRefGroup = 4AA94A9128D623DC00AC838B /* Products */;
			projectDirPath = "";
			projectRoot = "";
			targets = (
				4AA94A8F28D623DC00AC838B /* RFN */,
				4AA94A9F28D623DE00AC838B /* RFNTests */,
				4AA94AA928D623DE00AC838B /* RFNUITests */,
			);
		};
/* End PBXProject section */

/* Begin PBXResourcesBuildPhase section */
		4AA94A8E28D623DC00AC838B /* Resources */ = {
			isa = PBXResourcesBuildPhase;
			buildActionMask = 2147483647;
			files = (
				4AA94A9B28D623DE00AC838B /* Preview Assets.xcassets in Resources */,
				4AA94A9828D623DE00AC838B /* Assets.xcassets in Resources */,
			);
			runOnlyForDeploymentPostprocessing = 0;
		};
		4AA94A9E28D623DE00AC838B /* Resources */ = {
			isa = PBXResourcesBuildPhase;
			buildActionMask = 2147483647;
			files = (
			);
			runOnlyForDeploymentPostprocessing = 0;
		};
		4AA94AA828D623DE00AC838B /* Resources */ = {
			isa = PBXResourcesBuildPhase;
			buildActionMask = 2147483647;
			files = (
			);
			runOnlyForDeploymentPostprocessing = 0;
		};
/* End PBXResourcesBuildPhase section */

/* Begin PBXSourcesBuildPhase section */
		4AA94A8C28D623DC00AC838B /* Sources */ = {
			isa = PBXSourcesBuildPhase;
			buildActionMask = 2147483647;
			files = (
				4AB8A2FE28D667010006C893 /* WorkoutCellView.swift in Sources */,
				4AA94AEF28D6367300AC838B /* ExerciseListViewModel.swift in Sources */,
				4AA94AD128D62C3900AC838B /* BaseModel.swift in Sources */,
				4AA94AD328D62C8400AC838B /* WorkoutExtensions.swift in Sources */,
				4AA94AF128D6391E00AC838B /* HistoryListViewModel.swift in Sources */,
				4AB8A30228D668420006C893 /* AddWorkoutScreen.swift in Sources */,
				4AA94ACB28D6287400AC838B /* CoreDataManager.swift in Sources */,
				4AA94AF528D63B7D00AC838B /* WorkoutListViewModel.swift in Sources */,
				4AA94AC728D625FC00AC838B /* WorkoutCoreDataModel.xcdatamodeld in Sources */,
				4AA94AF928D642AB00AC838B /* Exercise+Extension.swift in Sources */,
				4AA94ACF28D62B6E00AC838B /* FormattedDate.swift in Sources */,
				4AA94AF728D63D1200AC838B /* AddWorkoutViewModel.swift in Sources */,
				4AA94A9628D623DC00AC838B /* ContentView.swift in Sources */,
				4AA94AD728D62DA400AC838B /* HistoryExtensions.swift in Sources */,
				4AA94AF328D63AD700AC838B /* AddHistoryViewModel.swift in Sources */,
				4AA94AC428D6250B00AC838B /* WorkoutListScreen.swift in Sources */,
				4AA94AC928D627DF00AC838B /* HapticsManager.swift in Sources */,
				4AA94A9428D623DC00AC838B /* RFNApp.swift in Sources */,
				4AA94AD928D62E7A00AC838B /* ViewExtension.swift in Sources */,
				4AB8A30028D6671C0006C893 /* WorkoutDetailScreen.swift in Sources */,
			);
			runOnlyForDeploymentPostprocessing = 0;
		};
		4AA94A9C28D623DE00AC838B /* Sources */ = {
			isa = PBXSourcesBuildPhase;
			buildActionMask = 2147483647;
			files = (
				4AA94AA528D623DE00AC838B /* RFNTests.swift in Sources */,
			);
			runOnlyForDeploymentPostprocessing = 0;
		};
		4AA94AA628D623DE00AC838B /* Sources */ = {
			isa = PBXSourcesBuildPhase;
			buildActionMask = 2147483647;
			files = (
				4AA94AAF28D623DE00AC838B /* RFNUITests.swift in Sources */,
				4AA94AB128D623DE00AC838B /* RFNUITestsLaunchTests.swift in Sources */,
			);
			runOnlyForDeploymentPostprocessing = 0;
		};
/* End PBXSourcesBuildPhase section */

/* Begin PBXTargetDependency section */
		4AA94AA228D623DE00AC838B /* PBXTargetDependency */ = {
			isa = PBXTargetDependency;
			target = 4AA94A8F28D623DC00AC838B /* RFN */;
			targetProxy = 4AA94AA128D623DE00AC838B /* PBXContainerItemProxy */;
		};
		4AA94AAC28D623DE00AC838B /* PBXTargetDependency */ = {
			isa = PBXTargetDependency;
			target = 4AA94A8F28D623DC00AC838B /* RFN */;
			targetProxy = 4AA94AAB28D623DE00AC838B /* PBXContainerItemProxy */;
		};
/* End PBXTargetDependency section */

/* Begin XCBuildConfiguration section */
		4AA94AB228D623DE00AC838B /* Debug */ = {
			isa = XCBuildConfiguration;
			buildSettings = {
				ALWAYS_SEARCH_USER_PATHS = NO;
				CLANG_ANALYZER_NONNULL = YES;
				CLANG_ANALYZER_NUMBER_OBJECT_CONVERSION = YES_AGGRESSIVE;
				CLANG_CXX_LANGUAGE_STANDARD = "gnu++20";
				CLANG_ENABLE_MODULES = YES;
				CLANG_ENABLE_OBJC_ARC = YES;
				CLANG_ENABLE_OBJC_WEAK = YES;
				CLANG_WARN_BLOCK_CAPTURE_AUTORELEASING = YES;
				CLANG_WARN_BOOL_CONVERSION = YES;
				CLANG_WARN_COMMA = YES;
				CLANG_WARN_CONSTANT_CONVERSION = YES;
				CLANG_WARN_DEPRECATED_OBJC_IMPLEMENTATIONS = YES;
				CLANG_WARN_DIRECT_OBJC_ISA_USAGE = YES_ERROR;
				CLANG_WARN_DOCUMENTATION_COMMENTS = YES;
				CLANG_WARN_EMPTY_BODY = YES;
				CLANG_WARN_ENUM_CONVERSION = YES;
				CLANG_WARN_INFINITE_RECURSION = YES;
				CLANG_WARN_INT_CONVERSION = YES;
				CLANG_WARN_NON_LITERAL_NULL_CONVERSION = YES;
				CLANG_WARN_OBJC_IMPLICIT_RETAIN_SELF = YES;
				CLANG_WARN_OBJC_LITERAL_CONVERSION = YES;
				CLANG_WARN_OBJC_ROOT_CLASS = YES_ERROR;
				CLANG_WARN_QUOTED_INCLUDE_IN_FRAMEWORK_HEADER = YES;
				CLANG_WARN_RANGE_LOOP_ANALYSIS = YES;
				CLANG_WARN_STRICT_PROTOTYPES = YES;
				CLANG_WARN_SUSPICIOUS_MOVE = YES;
				CLANG_WARN_UNGUARDED_AVAILABILITY = YES_AGGRESSIVE;
				CLANG_WARN_UNREACHABLE_CODE = YES;
				CLANG_WARN__DUPLICATE_METHOD_MATCH = YES;
				COPY_PHASE_STRIP = NO;
				DEBUG_INFORMATION_FORMAT = dwarf;
				ENABLE_STRICT_OBJC_MSGSEND = YES;
				ENABLE_TESTABILITY = YES;
				GCC_C_LANGUAGE_STANDARD = gnu11;
				GCC_DYNAMIC_NO_PIC = NO;
				GCC_NO_COMMON_BLOCKS = YES;
				GCC_OPTIMIZATION_LEVEL = 0;
				GCC_PREPROCESSOR_DEFINITIONS = (
					"DEBUG=1",
					"$(inherited)",
				);
				GCC_WARN_64_TO_32_BIT_CONVERSION = YES;
				GCC_WARN_ABOUT_RETURN_TYPE = YES_ERROR;
				GCC_WARN_UNDECLARED_SELECTOR = YES;
				GCC_WARN_UNINITIALIZED_AUTOS = YES_AGGRESSIVE;
				GCC_WARN_UNUSED_FUNCTION = YES;
				GCC_WARN_UNUSED_VARIABLE = YES;
				IPHONEOS_DEPLOYMENT_TARGET = 16.0;
				MTL_ENABLE_DEBUG_INFO = INCLUDE_SOURCE;
				MTL_FAST_MATH = YES;
				ONLY_ACTIVE_ARCH = YES;
				SDKROOT = iphoneos;
				SWIFT_ACTIVE_COMPILATION_CONDITIONS = DEBUG;
				SWIFT_OPTIMIZATION_LEVEL = "-Onone";
			};
			name = Debug;
		};
		4AA94AB328D623DE00AC838B /* Release */ = {
			isa = XCBuildConfiguration;
			buildSettings = {
				ALWAYS_SEARCH_USER_PATHS = NO;
				CLANG_ANALYZER_NONNULL = YES;
				CLANG_ANALYZER_NUMBER_OBJECT_CONVERSION = YES_AGGRESSIVE;
				CLANG_CXX_LANGUAGE_STANDARD = "gnu++20";
				CLANG_ENABLE_MODULES = YES;
				CLANG_ENABLE_OBJC_ARC = YES;
				CLANG_ENABLE_OBJC_WEAK = YES;
				CLANG_WARN_BLOCK_CAPTURE_AUTORELEASING = YES;
				CLANG_WARN_BOOL_CONVERSION = YES;
				CLANG_WARN_COMMA = YES;
				CLANG_WARN_CONSTANT_CONVERSION = YES;
				CLANG_WARN_DEPRECATED_OBJC_IMPLEMENTATIONS = YES;
				CLANG_WARN_DIRECT_OBJC_ISA_USAGE = YES_ERROR;
				CLANG_WARN_DOCUMENTATION_COMMENTS = YES;
				CLANG_WARN_EMPTY_BODY = YES;
				CLANG_WARN_ENUM_CONVERSION = YES;
				CLANG_WARN_INFINITE_RECURSION = YES;
				CLANG_WARN_INT_CONVERSION = YES;
				CLANG_WARN_NON_LITERAL_NULL_CONVERSION = YES;
				CLANG_WARN_OBJC_IMPLICIT_RETAIN_SELF = YES;
				CLANG_WARN_OBJC_LITERAL_CONVERSION = YES;
				CLANG_WARN_OBJC_ROOT_CLASS = YES_ERROR;
				CLANG_WARN_QUOTED_INCLUDE_IN_FRAMEWORK_HEADER = YES;
				CLANG_WARN_RANGE_LOOP_ANALYSIS = YES;
				CLANG_WARN_STRICT_PROTOTYPES = YES;
				CLANG_WARN_SUSPICIOUS_MOVE = YES;
				CLANG_WARN_UNGUARDED_AVAILABILITY = YES_AGGRESSIVE;
				CLANG_WARN_UNREACHABLE_CODE = YES;
				CLANG_WARN__DUPLICATE_METHOD_MATCH = YES;
				COPY_PHASE_STRIP = NO;
				DEBUG_INFORMATION_FORMAT = "dwarf-with-dsym";
				ENABLE_NS_ASSERTIONS = NO;
				ENABLE_STRICT_OBJC_MSGSEND = YES;
				GCC_C_LANGUAGE_STANDARD = gnu11;
				GCC_NO_COMMON_BLOCKS = YES;
				GCC_WARN_64_TO_32_BIT_CONVERSION = YES;
				GCC_WARN_ABOUT_RETURN_TYPE = YES_ERROR;
				GCC_WARN_UNDECLARED_SELECTOR = YES;
				GCC_WARN_UNINITIALIZED_AUTOS = YES_AGGRESSIVE;
				GCC_WARN_UNUSED_FUNCTION = YES;
				GCC_WARN_UNUSED_VARIABLE = YES;
				IPHONEOS_DEPLOYMENT_TARGET = 16.0;
				MTL_ENABLE_DEBUG_INFO = NO;
				MTL_FAST_MATH = YES;
				SDKROOT = iphoneos;
				SWIFT_COMPILATION_MODE = wholemodule;
				SWIFT_OPTIMIZATION_LEVEL = "-O";
				VALIDATE_PRODUCT = YES;
			};
			name = Release;
		};
		4AA94AB528D623DE00AC838B /* Debug */ = {
			isa = XCBuildConfiguration;
			buildSettings = {
				ASSETCATALOG_COMPILER_APPICON_NAME = AppIcon;
				ASSETCATALOG_COMPILER_GLOBAL_ACCENT_COLOR_NAME = AccentColor;
				CODE_SIGN_STYLE = Automatic;
				CURRENT_PROJECT_VERSION = 1;
				DEVELOPMENT_ASSET_PATHS = "\"RFN/Preview Content\"";
				DEVELOPMENT_TEAM = W59W3QVKXJ;
				ENABLE_PREVIEWS = YES;
				GENERATE_INFOPLIST_FILE = YES;
				INFOPLIST_KEY_UIApplicationSceneManifest_Generation = YES;
				INFOPLIST_KEY_UIApplicationSupportsIndirectInputEvents = YES;
				INFOPLIST_KEY_UILaunchScreen_Generation = YES;
				INFOPLIST_KEY_UISupportedInterfaceOrientations_iPad = "UIInterfaceOrientationPortrait UIInterfaceOrientationPortraitUpsideDown UIInterfaceOrientationLandscapeLeft UIInterfaceOrientationLandscapeRight";
				INFOPLIST_KEY_UISupportedInterfaceOrientations_iPhone = "UIInterfaceOrientationPortrait UIInterfaceOrientationLandscapeLeft UIInterfaceOrientationLandscapeRight";
				LD_RUNPATH_SEARCH_PATHS = (
					"$(inherited)",
					"@executable_path/Frameworks",
				);
				MARKETING_VERSION = 1.0;
				PRODUCT_BUNDLE_IDENTIFIER = "com.sigmatech.daily-workout.RFN";
				PRODUCT_NAME = "$(TARGET_NAME)";
				SWIFT_EMIT_LOC_STRINGS = YES;
				SWIFT_VERSION = 5.0;
				TARGETED_DEVICE_FAMILY = "1,2";
			};
			name = Debug;
		};
		4AA94AB628D623DE00AC838B /* Release */ = {
			isa = XCBuildConfiguration;
			buildSettings = {
				ASSETCATALOG_COMPILER_APPICON_NAME = AppIcon;
				ASSETCATALOG_COMPILER_GLOBAL_ACCENT_COLOR_NAME = AccentColor;
				CODE_SIGN_STYLE = Automatic;
				CURRENT_PROJECT_VERSION = 1;
				DEVELOPMENT_ASSET_PATHS = "\"RFN/Preview Content\"";
				DEVELOPMENT_TEAM = W59W3QVKXJ;
				ENABLE_PREVIEWS = YES;
				GENERATE_INFOPLIST_FILE = YES;
				INFOPLIST_KEY_UIApplicationSceneManifest_Generation = YES;
				INFOPLIST_KEY_UIApplicationSupportsIndirectInputEvents = YES;
				INFOPLIST_KEY_UILaunchScreen_Generation = YES;
				INFOPLIST_KEY_UISupportedInterfaceOrientations_iPad = "UIInterfaceOrientationPortrait UIInterfaceOrientationPortraitUpsideDown UIInterfaceOrientationLandscapeLeft UIInterfaceOrientationLandscapeRight";
				INFOPLIST_KEY_UISupportedInterfaceOrientations_iPhone = "UIInterfaceOrientationPortrait UIInterfaceOrientationLandscapeLeft UIInterfaceOrientationLandscapeRight";
				LD_RUNPATH_SEARCH_PATHS = (
					"$(inherited)",
					"@executable_path/Frameworks",
				);
				MARKETING_VERSION = 1.0;
				PRODUCT_BUNDLE_IDENTIFIER = "com.sigmatech.daily-workout.RFN";
				PRODUCT_NAME = "$(TARGET_NAME)";
				SWIFT_EMIT_LOC_STRINGS = YES;
				SWIFT_VERSION = 5.0;
				TARGETED_DEVICE_FAMILY = "1,2";
			};
			name = Release;
		};
		4AA94AB828D623DE00AC838B /* Debug */ = {
			isa = XCBuildConfiguration;
			buildSettings = {
				ALWAYS_EMBED_SWIFT_STANDARD_LIBRARIES = YES;
				BUNDLE_LOADER = "$(TEST_HOST)";
				CODE_SIGN_STYLE = Automatic;
				CURRENT_PROJECT_VERSION = 1;
				DEVELOPMENT_TEAM = W59W3QVKXJ;
				GENERATE_INFOPLIST_FILE = YES;
				IPHONEOS_DEPLOYMENT_TARGET = 16.0;
				MARKETING_VERSION = 1.0;
				PRODUCT_BUNDLE_IDENTIFIER = "com.sigmatech.daily-workout.RFNTests";
				PRODUCT_NAME = "$(TARGET_NAME)";
				SWIFT_EMIT_LOC_STRINGS = NO;
				SWIFT_VERSION = 5.0;
				TARGETED_DEVICE_FAMILY = "1,2";
				TEST_HOST = "$(BUILT_PRODUCTS_DIR)/RFN.app/$(BUNDLE_EXECUTABLE_FOLDER_PATH)/RFN";
			};
			name = Debug;
		};
		4AA94AB928D623DE00AC838B /* Release */ = {
			isa = XCBuildConfiguration;
			buildSettings = {
				ALWAYS_EMBED_SWIFT_STANDARD_LIBRARIES = YES;
				BUNDLE_LOADER = "$(TEST_HOST)";
				CODE_SIGN_STYLE = Automatic;
				CURRENT_PROJECT_VERSION = 1;
				DEVELOPMENT_TEAM = W59W3QVKXJ;
				GENERATE_INFOPLIST_FILE = YES;
				IPHONEOS_DEPLOYMENT_TARGET = 16.0;
				MARKETING_VERSION = 1.0;
				PRODUCT_BUNDLE_IDENTIFIER = "com.sigmatech.daily-workout.RFNTests";
				PRODUCT_NAME = "$(TARGET_NAME)";
				SWIFT_EMIT_LOC_STRINGS = NO;
				SWIFT_VERSION = 5.0;
				TARGETED_DEVICE_FAMILY = "1,2";
				TEST_HOST = "$(BUILT_PRODUCTS_DIR)/RFN.app/$(BUNDLE_EXECUTABLE_FOLDER_PATH)/RFN";
			};
			name = Release;
		};
		4AA94ABB28D623DE00AC838B /* Debug */ = {
			isa = XCBuildConfiguration;
			buildSettings = {
				ALWAYS_EMBED_SWIFT_STANDARD_LIBRARIES = YES;
				CODE_SIGN_STYLE = Automatic;
				CURRENT_PROJECT_VERSION = 1;
				DEVELOPMENT_TEAM = W59W3QVKXJ;
				GENERATE_INFOPLIST_FILE = YES;
				MARKETING_VERSION = 1.0;
				PRODUCT_BUNDLE_IDENTIFIER = "com.sigmatech.daily-workout.RFNUITests";
				PRODUCT_NAME = "$(TARGET_NAME)";
				SWIFT_EMIT_LOC_STRINGS = NO;
				SWIFT_VERSION = 5.0;
				TARGETED_DEVICE_FAMILY = "1,2";
				TEST_TARGET_NAME = RFN;
			};
			name = Debug;
		};
		4AA94ABC28D623DE00AC838B /* Release */ = {
			isa = XCBuildConfiguration;
			buildSettings = {
				ALWAYS_EMBED_SWIFT_STANDARD_LIBRARIES = YES;
				CODE_SIGN_STYLE = Automatic;
				CURRENT_PROJECT_VERSION = 1;
				DEVELOPMENT_TEAM = W59W3QVKXJ;
				GENERATE_INFOPLIST_FILE = YES;
				MARKETING_VERSION = 1.0;
				PRODUCT_BUNDLE_IDENTIFIER = "com.sigmatech.daily-workout.RFNUITests";
				PRODUCT_NAME = "$(TARGET_NAME)";
				SWIFT_EMIT_LOC_STRINGS = NO;
				SWIFT_VERSION = 5.0;
				TARGETED_DEVICE_FAMILY = "1,2";
				TEST_TARGET_NAME = RFN;
			};
			name = Release;
		};
/* End XCBuildConfiguration section */

/* Begin XCConfigurationList section */
		4AA94A8B28D623DC00AC838B /* Build configuration list for PBXProject "RFN" */ = {
			isa = XCConfigurationList;
			buildConfigurations = (
				4AA94AB228D623DE00AC838B /* Debug */,
				4AA94AB328D623DE00AC838B /* Release */,
			);
			defaultConfigurationIsVisible = 0;
			defaultConfigurationName = Release;
		};
		4AA94AB428D623DE00AC838B /* Build configuration list for PBXNativeTarget "RFN" */ = {
			isa = XCConfigurationList;
			buildConfigurations = (
				4AA94AB528D623DE00AC838B /* Debug */,
				4AA94AB628D623DE00AC838B /* Release */,
			);
			defaultConfigurationIsVisible = 0;
			defaultConfigurationName = Release;
		};
		4AA94AB728D623DE00AC838B /* Build configuration list for PBXNativeTarget "RFNTests" */ = {
			isa = XCConfigurationList;
			buildConfigurations = (
				4AA94AB828D623DE00AC838B /* Debug */,
				4AA94AB928D623DE00AC838B /* Release */,
			);
			defaultConfigurationIsVisible = 0;
			defaultConfigurationName = Release;
		};
		4AA94ABA28D623DE00AC838B /* Build configuration list for PBXNativeTarget "RFNUITests" */ = {
			isa = XCConfigurationList;
			buildConfigurations = (
				4AA94ABB28D623DE00AC838B /* Debug */,
				4AA94ABC28D623DE00AC838B /* Release */,
			);
			defaultConfigurationIsVisible = 0;
			defaultConfigurationName = Release;
		};
/* End XCConfigurationList section */

/* Begin XCVersionGroup section */
		4AA94AC528D625FC00AC838B /* WorkoutCoreDataModel.xcdatamodeld */ = {
			isa = XCVersionGroup;
			children = (
				4AA94AC628D625FC00AC838B /* WorkoutCoreDataModel.xcdatamodel */,
			);
			currentVersion = 4AA94AC628D625FC00AC838B /* WorkoutCoreDataModel.xcdatamodel */;
			path = WorkoutCoreDataModel.xcdatamodeld;
			sourceTree = "<group>";
			versionGroupType = wrapper.xcdatamodel;
		};
/* End XCVersionGroup section */
	};
	rootObject = 4AA94A8828D623DC00AC838B /* Project object */;
}
